
Microsoft Visual Studio Solution File, Format Version 12.00
# Visual Studio Version 17
VisualStudioVersion = 17.7.34018.315
MinimumVisualStudioVersion = 10.0.40219.1
Project("{9A19103F-16F7-4668-BE54-9A1E7A4F7556}") = "CICD", "CICD.csproj", "{ECDB897A-7DEA-47F4-8DD5-6E72CE11536F}"
EndProject
Global
	GlobalSection(SolutionConfigurationPlatforms) = preSolution
		Debug|Any CPU = Debug|Any CPU
		Release|Any CPU = Release|Any CPU
	EndGlobalSection
	GlobalSection(ProjectConfigurationPlatforms) = postSolution
		{ECDB897A-7DEA-47F4-8DD5-6E72CE11536F}.Debug|Any CPU.ActiveCfg = Debug|Any CPU
		{ECDB897A-7DEA-47F4-8DD5-6E72CE11536F}.Debug|Any CPU.Build.0 = Debug|Any CPU
		{ECDB897A-7DEA-47F4-8DD5-6E72CE11536F}.Release|Any CPU.ActiveCfg = Release|Any CPU
		{ECDB897A-7DEA-47F4-8DD5-6E72CE11536F}.Release|Any CPU.Build.0 = Release|Any CPU
	EndGlobalSection
	GlobalSection(SolutionProperties) = preSolution
		HideSolutionNode = FALSE
	EndGlobalSection
	GlobalSection(ExtensibilityGlobals) = postSolution
		SolutionGuid = {4836D599-0AE7-4347-89F1-60F1BF452255}
	EndGlobalSection
EndGlobal
